
Microsoft Visual Studio Solution File, Format Version 12.00
# Visual Studio 15
VisualStudioVersion = 15.0.26403.3
MinimumVisualStudioVersion = 10.0.40219.1
Project("{FAE04EC0-301F-11D3-BF4B-00C04F79EFBC}") = "ToDoApp.Domain", "ToDoApp.Domain\ToDoApp.Domain.csproj", "{91C9B8CE-EA24-49C7-A8AE-123A20FE7542}"
EndProject
Project("{FAE04EC0-301F-11D3-BF4B-00C04F79EFBC}") = "ToDoApp.IoC", "ToDoApp.IoC\ToDoApp.IoC.csproj", "{7816458A-64D6-41CF-B36D-6B0BAFCB956F}"
EndProject
Project("{FAE04EC0-301F-11D3-BF4B-00C04F79EFBC}") = "ToDoApp.Data", "ToDoApp.Data\ToDoApp.Data.csproj", "{1A6FCB55-AFCD-47B7-B7EA-348A03E674BF}"
EndProject
Project("{FAE04EC0-301F-11D3-BF4B-00C04F79EFBC}") = "ToDoApp.DomainServices", "ToDoApp.DomainServices\ToDoApp.DomainServices.csproj", "{C9A707F6-A154-4D70-AAA6-419875E4953C}"
EndProject
Project("{FAE04EC0-301F-11D3-BF4B-00C04F79EFBC}") = "ToDoApp.AppServices", "ToDoApp.AppServices\ToDoApp.AppServices.csproj", "{1C33E00C-2AED-47D9-9709-332DFDA759FE}"
EndProject
Project("{FAE04EC0-301F-11D3-BF4B-00C04F79EFBC}") = "ToDoApp", "ToDoApp\ToDoApp.csproj", "{55622890-1251-46F8-A642-4B971BAFDB3A}"
EndProject
Global
	GlobalSection(SolutionConfigurationPlatforms) = preSolution
		Debug|Any CPU = Debug|Any CPU
		Release|Any CPU = Release|Any CPU
	EndGlobalSection
	GlobalSection(ProjectConfigurationPlatforms) = postSolution
		{91C9B8CE-EA24-49C7-A8AE-123A20FE7542}.Debug|Any CPU.ActiveCfg = Debug|Any CPU
		{91C9B8CE-EA24-49C7-A8AE-123A20FE7542}.Debug|Any CPU.Build.0 = Debug|Any CPU
		{91C9B8CE-EA24-49C7-A8AE-123A20FE7542}.Release|Any CPU.ActiveCfg = Release|Any CPU
		{91C9B8CE-EA24-49C7-A8AE-123A20FE7542}.Release|Any CPU.Build.0 = Release|Any CPU
		{7816458A-64D6-41CF-B36D-6B0BAFCB956F}.Debug|Any CPU.ActiveCfg = Debug|Any CPU
		{7816458A-64D6-41CF-B36D-6B0BAFCB956F}.Debug|Any CPU.Build.0 = Debug|Any CPU
		{7816458A-64D6-41CF-B36D-6B0BAFCB956F}.Release|Any CPU.ActiveCfg = Release|Any CPU
		{7816458A-64D6-41CF-B36D-6B0BAFCB956F}.Release|Any CPU.Build.0 = Release|Any CPU
		{1A6FCB55-AFCD-47B7-B7EA-348A03E674BF}.Debug|Any CPU.ActiveCfg = Debug|Any CPU
		{1A6FCB55-AFCD-47B7-B7EA-348A03E674BF}.Debug|Any CPU.Build.0 = Debug|Any CPU
		{1A6FCB55-AFCD-47B7-B7EA-348A03E674BF}.Release|Any CPU.ActiveCfg = Release|Any CPU
		{1A6FCB55-AFCD-47B7-B7EA-348A03E674BF}.Release|Any CPU.Build.0 = Release|Any CPU
		{C9A707F6-A154-4D70-AAA6-419875E4953C}.Debug|Any CPU.ActiveCfg = Debug|Any CPU
		{C9A707F6-A154-4D70-AAA6-419875E4953C}.Debug|Any CPU.Build.0 = Debug|Any CPU
		{C9A707F6-A154-4D70-AAA6-419875E4953C}.Release|Any CPU.ActiveCfg = Release|Any CPU
		{C9A707F6-A154-4D70-AAA6-419875E4953C}.Release|Any CPU.Build.0 = Release|Any CPU
		{1C33E00C-2AED-47D9-9709-332DFDA759FE}.Debug|Any CPU.ActiveCfg = Debug|Any CPU
		{1C33E00C-2AED-47D9-9709-332DFDA759FE}.Debug|Any CPU.Build.0 = Debug|Any CPU
		{1C33E00C-2AED-47D9-9709-332DFDA759FE}.Release|Any CPU.ActiveCfg = Release|Any CPU
		{1C33E00C-2AED-47D9-9709-332DFDA759FE}.Release|Any CPU.Build.0 = Release|Any CPU
		{55622890-1251-46F8-A642-4B971BAFDB3A}.Debug|Any CPU.ActiveCfg = Debug|Any CPU
		{55622890-1251-46F8-A642-4B971BAFDB3A}.Debug|Any CPU.Build.0 = Debug|Any CPU
		{55622890-1251-46F8-A642-4B971BAFDB3A}.Release|Any CPU.ActiveCfg = Release|Any CPU
		{55622890-1251-46F8-A642-4B971BAFDB3A}.Release|Any CPU.Build.0 = Release|Any CPU
	EndGlobalSection
	GlobalSection(SolutionProperties) = preSolution
		HideSolutionNode = FALSE
	EndGlobalSection
EndGlobal
